
Microsoft Visual Studio Solution File, Format Version 12.00
# Visual Studio 15
VisualStudioVersion = 15.0.27428.2037
MinimumVisualStudioVersion = 10.0.40219.1
Project("{FAE04EC0-301F-11D3-BF4B-00C04F79EFBC}") = "BasicExercises", "BasicExercises.csproj", "{9B655171-6BFD-40FC-8723-6D2B01838C8D}"
EndProject
Project("{FAE04EC0-301F-11D3-BF4B-00C04F79EFBC}") = "BasicExercises2", "..\ConsoleApp1\BasicExercises2.csproj", "{2052A84D-144E-4078-B4AB-12BA27B64A3F}"
EndProject
Global
	GlobalSection(SolutionConfigurationPlatforms) = preSolution
		Debug|Any CPU = Debug|Any CPU
		Release|Any CPU = Release|Any CPU
	EndGlobalSection
	GlobalSection(ProjectConfigurationPlatforms) = postSolution
		{9B655171-6BFD-40FC-8723-6D2B01838C8D}.Debug|Any CPU.ActiveCfg = Debug|Any CPU
		{9B655171-6BFD-40FC-8723-6D2B01838C8D}.Debug|Any CPU.Build.0 = Debug|Any CPU
		{9B655171-6BFD-40FC-8723-6D2B01838C8D}.Release|Any CPU.ActiveCfg = Release|Any CPU
		{9B655171-6BFD-40FC-8723-6D2B01838C8D}.Release|Any CPU.Build.0 = Release|Any CPU
		{2052A84D-144E-4078-B4AB-12BA27B64A3F}.Debug|Any CPU.ActiveCfg = Debug|Any CPU
		{2052A84D-144E-4078-B4AB-12BA27B64A3F}.Debug|Any CPU.Build.0 = Debug|Any CPU
		{2052A84D-144E-4078-B4AB-12BA27B64A3F}.Release|Any CPU.ActiveCfg = Release|Any CPU
		{2052A84D-144E-4078-B4AB-12BA27B64A3F}.Release|Any CPU.Build.0 = Release|Any CPU
	EndGlobalSection
	GlobalSection(SolutionProperties) = preSolution
		HideSolutionNode = FALSE
	EndGlobalSection
	GlobalSection(ExtensibilityGlobals) = postSolution
		SolutionGuid = {9B0C1A5E-6D9F-4F51-BDCA-EF5148524DDD}
	EndGlobalSection
EndGlobal
